
Microsoft Visual Studio Solution File, Format Version 12.00
# Visual Studio Version 17
VisualStudioVersion = 17.13.36105.23 d17.13
MinimumVisualStudioVersion = 10.0.40219.1
Project("{FAE04EC0-301F-11D3-BF4B-00C04F79EFBC}") = "AIPrototypeAssetRepair", "..\WpfApp1\AIPrototypeAssetRepair.csproj", "{D60DA9D1-E213-4D95-9657-8A41EC71B1F7}"
EndProject
Project("{FAE04EC0-301F-11D3-BF4B-00C04F79EFBC}") = "AIPrototypeAssetRepair.Core", "..\AIPrototypeAssetRepair.Core\AIPrototypeAssetRepair.Core.csproj", "{8DBF98C6-3388-4EA8-BC0F-CC6377907695}"
EndProject
Global
	GlobalSection(SolutionConfigurationPlatforms) = preSolution
		Debug|Any CPU = Debug|Any CPU
		Release|Any CPU = Release|Any CPU
	EndGlobalSection
	GlobalSection(ProjectConfigurationPlatforms) = postSolution
		{D60DA9D1-E213-4D95-9657-8A41EC71B1F7}.Debug|Any CPU.ActiveCfg = Debug|Any CPU
		{D60DA9D1-E213-4D95-9657-8A41EC71B1F7}.Debug|Any CPU.Build.0 = Debug|Any CPU
		{D60DA9D1-E213-4D95-9657-8A41EC71B1F7}.Release|Any CPU.ActiveCfg = Release|Any CPU
		{D60DA9D1-E213-4D95-9657-8A41EC71B1F7}.Release|Any CPU.Build.0 = Release|Any CPU
		{8DBF98C6-3388-4EA8-BC0F-CC6377907695}.Debug|Any CPU.ActiveCfg = Debug|Any CPU
		{8DBF98C6-3388-4EA8-BC0F-CC6377907695}.Debug|Any CPU.Build.0 = Debug|Any CPU
		{8DBF98C6-3388-4EA8-BC0F-CC6377907695}.Release|Any CPU.ActiveCfg = Release|Any CPU
		{8DBF98C6-3388-4EA8-BC0F-CC6377907695}.Release|Any CPU.Build.0 = Release|Any CPU
	EndGlobalSection
	GlobalSection(SolutionProperties) = preSolution
		HideSolutionNode = FALSE
	EndGlobalSection
	GlobalSection(ExtensibilityGlobals) = postSolution
		SolutionGuid = {C91E0F8E-F19F-4541-AF45-996FB12C5220}
	EndGlobalSection
EndGlobal
